<Solution>
  <Project Path="OrderProcessingMembersBL/OrderProcessingMembersBL.csproj" />
  <Project Path="OrderProcessingMembersDL/OrderProcessingMembersDL.csproj" />
  <Project Path="OrderProcessingMembersUI/OrderProcessingMembersUI.csproj" />
  <Project Path="OrderProcessingUtil/OrderProcessingUtil.csproj" Id="57b4b062-13fe-4d8f-b6ee-934d63cf54a0" />
</Solution>
